Microsoft Visual Studio Solution File, Format Version 12.00
# Visual Studio Version 17
VisualStudioVersion = 17.5.2.0
MinimumVisualStudioVersion = 10.0.40219.1
Project("{FAE04EC0-301F-11D3-BF4B-00C04F79EFBC}") = "BlazzorDbzPersonagem", "BlazzorDbzPersonagem\BlazzorDbzPersonagem.csproj", "{F7AA40B9-0990-6237-3FB0-9EFC4915CDB5}"
EndProject
Global
	GlobalSection(SolutionConfigurationPlatforms) = preSolution
		Debug|Any CPU = Debug|Any CPU
		Release|Any CPU = Release|Any CPU
	EndGlobalSection
	GlobalSection(ProjectConfigurationPlatforms) = postSolution
		{F7AA40B9-0990-6237-3FB0-9EFC4915CDB5}.Debug|Any CPU.ActiveCfg = Debug|Any CPU
		{F7AA40B9-0990-6237-3FB0-9EFC4915CDB5}.Debug|Any CPU.Build.0 = Debug|Any CPU
		{F7AA40B9-0990-6237-3FB0-9EFC4915CDB5}.Release|Any CPU.ActiveCfg = Release|Any CPU
		{F7AA40B9-0990-6237-3FB0-9EFC4915CDB5}.Release|Any CPU.Build.0 = Release|Any CPU
	EndGlobalSection
	GlobalSection(SolutionProperties) = preSolution
		HideSolutionNode = FALSE
	EndGlobalSection
	GlobalSection(ExtensibilityGlobals) = postSolution
		SolutionGuid = {229D1818-8E45-4E0E-AD26-F4BAB3B255AA}
	EndGlobalSection
EndGlobal
